
Microsoft Visual Studio Solution File, Format Version 12.00
# Visual Studio Version 16
VisualStudioVersion = 16.0.29215.179
MinimumVisualStudioVersion = 10.0.40219.1
Project("{FAE04EC0-301F-11D3-BF4B-00C04F79EFBC}") = "LAB9", "LAB9\LAB9.csproj", "{F9543799-2D27-4379-A350-C897186237D9}"
EndProject
Global
	GlobalSection(SolutionConfigurationPlatforms) = preSolution
		Debug|Any CPU = Debug|Any CPU
		Release|Any CPU = Release|Any CPU
	EndGlobalSection
	GlobalSection(ProjectConfigurationPlatforms) = postSolution
		{F9543799-2D27-4379-A350-C897186237D9}.Debug|Any CPU.ActiveCfg = Debug|Any CPU
		{F9543799-2D27-4379-A350-C897186237D9}.Debug|Any CPU.Build.0 = Debug|Any CPU
		{F9543799-2D27-4379-A350-C897186237D9}.Release|Any CPU.ActiveCfg = Release|Any CPU
		{F9543799-2D27-4379-A350-C897186237D9}.Release|Any CPU.Build.0 = Release|Any CPU
	EndGlobalSection
	GlobalSection(SolutionProperties) = preSolution
		HideSolutionNode = FALSE
	EndGlobalSection
	GlobalSection(ExtensibilityGlobals) = postSolution
		SolutionGuid = {11DD5449-F179-485E-A70B-F55B8BF72F27}
	EndGlobalSection
EndGlobal
